
Microsoft Visual Studio Solution File, Format Version 12.00
# Visual Studio 15
Project("{FAE04EC0-301F-11D3-BF4B-00C04F79EFBC}") = "Assembly-CSharp", "Assembly-CSharp.csproj", "{67DDCF82-5AA7-E323-0464-1F02EFC16DDA}"
EndProject
Global
	GlobalSection(SolutionConfigurationPlatforms) = preSolution
		Debug|Any CPU = Debug|Any CPU
		Release|Any CPU = Release|Any CPU
	EndGlobalSection
	GlobalSection(ProjectConfigurationPlatforms) = postSolution
		{67DDCF82-5AA7-E323-0464-1F02EFC16DDA}.Debug|Any CPU.ActiveCfg = Debug|Any CPU
		{67DDCF82-5AA7-E323-0464-1F02EFC16DDA}.Debug|Any CPU.Build.0 = Debug|Any CPU
		{67DDCF82-5AA7-E323-0464-1F02EFC16DDA}.Release|Any CPU.ActiveCfg = Release|Any CPU
		{67DDCF82-5AA7-E323-0464-1F02EFC16DDA}.Release|Any CPU.Build.0 = Release|Any CPU
	EndGlobalSection
	GlobalSection(SolutionProperties) = preSolution
		HideSolutionNode = FALSE
	EndGlobalSection
EndGlobal
